
Microsoft Visual Studio Solution File, Format Version 12.00
# Visual Studio 14
VisualStudioVersion = 14.0.24720.0
MinimumVisualStudioVersion = 10.0.40219.1
Project("{CC5FD16D-436D-48AD-A40C-5A424C6E3E79}") = "Project1v3", "Project1v3\Project1v3.ccproj", "{0A219DF3-E2C5-49F5-9043-C0AEC232258B}"
EndProject
Project("{FAE04EC0-301F-11D3-BF4B-00C04F79EFBC}") = "WebRole", "WebRole\WebRole.csproj", "{49EB8954-E2FF-4250-947B-78506FE669DD}"
EndProject
Global
	GlobalSection(SolutionConfigurationPlatforms) = preSolution
		Debug|Any CPU = Debug|Any CPU
		Release|Any CPU = Release|Any CPU
	EndGlobalSection
	GlobalSection(ProjectConfigurationPlatforms) = postSolution
		{0A219DF3-E2C5-49F5-9043-C0AEC232258B}.Debug|Any CPU.ActiveCfg = Debug|Any CPU
		{0A219DF3-E2C5-49F5-9043-C0AEC232258B}.Debug|Any CPU.Build.0 = Debug|Any CPU
		{0A219DF3-E2C5-49F5-9043-C0AEC232258B}.Release|Any CPU.ActiveCfg = Release|Any CPU
		{0A219DF3-E2C5-49F5-9043-C0AEC232258B}.Release|Any CPU.Build.0 = Release|Any CPU
		{49EB8954-E2FF-4250-947B-78506FE669DD}.Debug|Any CPU.ActiveCfg = Debug|Any CPU
		{49EB8954-E2FF-4250-947B-78506FE669DD}.Debug|Any CPU.Build.0 = Debug|Any CPU
		{49EB8954-E2FF-4250-947B-78506FE669DD}.Release|Any CPU.ActiveCfg = Release|Any CPU
		{49EB8954-E2FF-4250-947B-78506FE669DD}.Release|Any CPU.Build.0 = Release|Any CPU
	EndGlobalSection
	GlobalSection(SolutionProperties) = preSolution
		HideSolutionNode = FALSE
	EndGlobalSection
EndGlobal
